
Microsoft Visual Studio Solution File, Format Version 12.00
# Visual Studio Version 17
VisualStudioVersion = 17.13.35919.96 d17.13
MinimumVisualStudioVersion = 10.0.40219.1
Project("{FAE04EC0-301F-11D3-BF4B-00C04F79EFBC}") = "RemovePdfPasswordLibrary", "RemovePdfPassword\RemovePdfPasswordLibrary.csproj", "{97F23CF8-CAF3-457A-884B-AB397FA416D8}"
EndProject
Project("{FAE04EC0-301F-11D3-BF4B-00C04F79EFBC}") = "Terminal", "Terminal\Terminal.csproj", "{B13D50A0-44C5-4C2B-81BD-09C4BC423AA2}"
EndProject
Global
	GlobalSection(SolutionConfigurationPlatforms) = preSolution
		Debug|Any CPU = Debug|Any CPU
		Release|Any CPU = Release|Any CPU
	EndGlobalSection
	GlobalSection(ProjectConfigurationPlatforms) = postSolution
		{97F23CF8-CAF3-457A-884B-AB397FA416D8}.Debug|Any CPU.ActiveCfg = Debug|Any CPU
		{97F23CF8-CAF3-457A-884B-AB397FA416D8}.Debug|Any CPU.Build.0 = Debug|Any CPU
		{97F23CF8-CAF3-457A-884B-AB397FA416D8}.Release|Any CPU.ActiveCfg = Release|Any CPU
		{97F23CF8-CAF3-457A-884B-AB397FA416D8}.Release|Any CPU.Build.0 = Release|Any CPU
		{B13D50A0-44C5-4C2B-81BD-09C4BC423AA2}.Debug|Any CPU.ActiveCfg = Debug|Any CPU
		{B13D50A0-44C5-4C2B-81BD-09C4BC423AA2}.Debug|Any CPU.Build.0 = Debug|Any CPU
		{B13D50A0-44C5-4C2B-81BD-09C4BC423AA2}.Release|Any CPU.ActiveCfg = Release|Any CPU
		{B13D50A0-44C5-4C2B-81BD-09C4BC423AA2}.Release|Any CPU.Build.0 = Release|Any CPU
	EndGlobalSection
	GlobalSection(SolutionProperties) = preSolution
		HideSolutionNode = FALSE
	EndGlobalSection
	GlobalSection(ExtensibilityGlobals) = postSolution
		SolutionGuid = {9BBE5053-7867-4E20-B8FB-AC494EAEDA1A}
	EndGlobalSection
EndGlobal
